// !$*UTF8*$!
{
	archiveVersion = 1;
	classes = {
	};
	objectVersion = 46;
	objects = {

/* Begin PBXBuildFile section */
		84A1B4261A35D69600B17A58 /* LiveIcon.png in Resources */ = {isa = PBXBuildFile; fileRef = 84A1B4231A35D69600B17A58 /* LiveIcon.png */; };
		84A1B4271A35D69600B17A58 /* PhotoIcon.png in Resources */ = {isa = PBXBuildFile; fileRef = 84A1B4241A35D69600B17A58 /* PhotoIcon.png */; };
		84A1B4281A35D69600B17A58 /* VideoIcon.png in Resources */ = {isa = PBXBuildFile; fileRef = 84A1B4251A35D69600B17A58 /* VideoIcon.png */; };
		84A1B42F1A35E38600B17A58 /* SPHContentListViewController.m in Sources */ = {isa = PBXBuildFile; fileRef = 84A1B42E1A35E38600B17A58 /* SPHContentListViewController.m */; };
		84A1B4321A35E39F00B17A58 /* SPHContentCollectionViewCell.m in Sources */ = {isa = PBXBuildFile; fileRef = 84A1B4311A35E39F00B17A58 /* SPHContentCollectionViewCell.m */; };
		ED45D35D1A37441F00D7914D /* SPHMathUtils.m in Sources */ = {isa = PBXBuildFile; fileRef = ED45D35C1A37441F00D7914D /* SPHMathUtils.m */; };
		EDAC3A681A2C7F9E00EB6DE0 /* Shader.vsh in Resources */ = {isa = PBXBuildFile; fileRef = EDAC3A661A2C7F9E00EB6DE0 /* Shader.vsh */; };
		EDAC3A691A2C7F9E00EB6DE0 /* Shader.fsh in Resources */ = {isa = PBXBuildFile; fileRef = EDAC3A671A2C7F9E00EB6DE0 /* Shader.fsh */; };
		EDAC3A6D1A2C809500EB6DE0 /* SPHGLProgram.m in Sources */ = {isa = PBXBuildFile; fileRef = EDAC3A6C1A2C809500EB6DE0 /* SPHGLProgram.m */; };
		EDAC3A781A2C94F800EB6DE0 /* SPHAnimationProvider.m in Sources */ = {isa = PBXBuildFile; fileRef = EDAC3A771A2C94F800EB6DE0 /* SPHAnimationProvider.m */; };
		EDAC3A801A2C986F00EB6DE0 /* SPHTextureProvider.m in Sources */ = {isa = PBXBuildFile; fileRef = EDAC3A7F1A2C986F00EB6DE0 /* SPHTextureProvider.m */; };
		EDAC3A8E1A2CA91300EB6DE0 /* UIImage+ImageModification.m in Sources */ = {isa = PBXBuildFile; fileRef = EDAC3A8D1A2CA91300EB6DE0 /* UIImage+ImageModification.m */; };
		EDAC3A921A2CAC7700EB6DE0 /* SPHNavigationController.m in Sources */ = {isa = PBXBuildFile; fileRef = EDAC3A911A2CAC7700EB6DE0 /* SPHNavigationController.m */; };
		EDAC3A941A2CAE8600EB6DE0 /* AVFoundation.framework in Frameworks */ = {isa = PBXBuildFile; fileRef = EDAC3A931A2CAE8600EB6DE0 /* AVFoundation.framework */; };
		EDAC3A961A2CAE8E00EB6DE0 /* CoreAudio.framework in Frameworks */ = {isa = PBXBuildFile; fileRef = EDAC3A951A2CAE8E00EB6DE0 /* CoreAudio.framework */; };
		EDAC3A971A2CBA3100EB6DE0 /* 3D.mp4 in Resources */ = {isa = PBXBuildFile; fileRef = EDAC3A731A2C861900EB6DE0 /* 3D.mp4 */; };
		EDCFA2D61A2EF16800803941 /* CoreImage.framework in Frameworks */ = {isa = PBXBuildFile; fileRef = EDCFA2D51A2EF16700803941 /* CoreImage.framework */; };
		EDCFC6F51A2C671E00613D7B /* Foundation.framework in Frameworks */ = {isa = PBXBuildFile; fileRef = EDCFC6F41A2C671E00613D7B /* Foundation.framework */; };
		EDCFC6F71A2C671E00613D7B /* CoreGraphics.framework in Frameworks */ = {isa = PBXBuildFile; fileRef = EDCFC6F61A2C671E00613D7B /* CoreGraphics.framework */; };
		EDCFC6F91A2C671E00613D7B /* UIKit.framework in Frameworks */ = {isa = PBXBuildFile; fileRef = EDCFC6F81A2C671E00613D7B /* UIKit.framework */; };
		EDCFC6FF1A2C671E00613D7B /* InfoPlist.strings in Resources */ = {isa = PBXBuildFile; fileRef = EDCFC6FD1A2C671E00613D7B /* InfoPlist.strings */; };
		EDCFC7011A2C671E00613D7B /* main.m in Sources */ = {isa = PBXBuildFile; fileRef = EDCFC7001A2C671E00613D7B /* main.m */; };
		EDCFC7051A2C671E00613D7B /* SPHAppDelegate.m in Sources */ = {isa = PBXBuildFile; fileRef = EDCFC7041A2C671E00613D7B /* SPHAppDelegate.m */; };
		EDCFC7081A2C671E00613D7B /* Main.storyboard in Resources */ = {isa = PBXBuildFile; fileRef = EDCFC7061A2C671E00613D7B /* Main.storyboard */; };
		EDCFC70D1A2C671E00613D7B /* Images.xcassets in Resources */ = {isa = PBXBuildFile; fileRef = EDCFC70C1A2C671E00613D7B /* Images.xcassets */; };
		EDCFC7141A2C671E00613D7B /* XCTest.framework in Frameworks */ = {isa = PBXBuildFile; fileRef = EDCFC7131A2C671E00613D7B /* XCTest.framework */; };
		EDCFC7151A2C671E00613D7B /* Foundation.framework in Frameworks */ = {isa = PBXBuildFile; fileRef = EDCFC6F41A2C671E00613D7B /* Foundation.framework */; };
		EDCFC7161A2C671E00613D7B /* UIKit.framework in Frameworks */ = {isa = PBXBuildFile; fileRef = EDCFC6F81A2C671E00613D7B /* UIKit.framework */; };
		EDCFC71E1A2C671F00613D7B /* InfoPlist.strings in Resources */ = {isa = PBXBuildFile; fileRef = EDCFC71C1A2C671F00613D7B /* InfoPlist.strings */; };
		EDCFC7201A2C671F00613D7B /* Sphere360Tests.m in Sources */ = {isa = PBXBuildFile; fileRef = EDCFC71F1A2C671F00613D7B /* Sphere360Tests.m */; };
		EDCFC72A1A2C673100613D7B /* GLKit.framework in Frameworks */ = {isa = PBXBuildFile; fileRef = EDCFC7291A2C673100613D7B /* GLKit.framework */; };
		EDCFC7301A2C67F100613D7B /* SPHMainViewController.m in Sources */ = {isa = PBXBuildFile; fileRef = EDCFC72F1A2C67F100613D7B /* SPHMainViewController.m */; };
		EDCFC7431A2C6A2B00613D7B /* GIR000009.jpeg in Resources */ = {isa = PBXBuildFile; fileRef = EDCFC7421A2C6A2B00613D7B /* GIR000009.jpeg */; };
		EDCFEE061A31DBD5003ADA91 /* SPHVideoPlayer.m in Sources */ = {isa = PBXBuildFile; fileRef = EDCFEE051A31DBD5003ADA91 /* SPHVideoPlayer.m */; };
		EDCFEE191A31E1FC003ADA91 /* SPHBaseViewController.m in Sources */ = {isa = PBXBuildFile; fileRef = EDCFEE181A31E1FC003ADA91 /* SPHBaseViewController.m */; };
		EDCFEE1C1A31E52D003ADA91 /* SPHPhotoViewController.m in Sources */ = {isa = PBXBuildFile; fileRef = EDCFEE1B1A31E52D003ADA91 /* SPHPhotoViewController.m */; };
		EDCFEE211A31EB5B003ADA91 /* SPHVideoViewController.m in Sources */ = {isa = PBXBuildFile; fileRef = EDCFEE201A31EB5B003ADA91 /* SPHVideoViewController.m */; };
		EDCFEE231A31F50D003ADA91 /* CoreMotion.framework in Frameworks */ = {isa = PBXBuildFile; fileRef = EDCFEE221A31F50D003ADA91 /* CoreMotion.framework */; };
		EDEFC8C51A2DAD7100E01E11 /* CoreMedia.framework in Frameworks */ = {isa = PBXBuildFile; fileRef = EDEFC8C41A2DAD7100E01E11 /* CoreMedia.framework */; };
		EDFAC6D91A2C74290059BBD0 /* OpenGLES.framework in Frameworks */ = {isa = PBXBuildFile; fileRef = EDFAC6D81A2C74290059BBD0 /* OpenGLES.framework */; };
/* End PBXBuildFile section */

/* Begin PBXContainerItemProxy section */
		EDCFC7171A2C671F00613D7B /* PBXContainerItemProxy */ = {
			isa = PBXContainerItemProxy;
			containerPortal = EDCFC6E91A2C671E00613D7B /* Project object */;
			proxyType = 1;
			remoteGlobalIDString = EDCFC6F01A2C671E00613D7B;
			remoteInfo = Sphere360;
		};
/* End PBXContainerItemProxy section */

/* Begin PBXFileReference section */
		84A1B4231A35D69600B17A58 /* LiveIcon.png */ = {isa = PBXFileReference; lastKnownFileType = image.png; path = LiveIcon.png; sourceTree = "<group>"; };
		84A1B4241A35D69600B17A58 /* PhotoIcon.png */ = {isa = PBXFileReference; lastKnownFileType = image.png; path = PhotoIcon.png; sourceTree = "<group>"; };
		84A1B4251A35D69600B17A58 /* VideoIcon.png */ = {isa = PBXFileReference; lastKnownFileType = image.png; path = VideoIcon.png; sourceTree = "<group>"; };
		84A1B42D1A35E38600B17A58 /* SPHContentListViewController.h */ = {isa = PBXFileReference; fileEncoding = 4; lastKnownFileType = sourcecode.c.h; path = SPHContentListViewController.h; sourceTree = "<group>"; };
		84A1B42E1A35E38600B17A58 /* SPHContentListViewController.m */ = {isa = PBXFileReference; fileEncoding = 4; lastKnownFileType = sourcecode.c.objc; path = SPHContentListViewController.m; sourceTree = "<group>"; };
		84A1B4301A35E39F00B17A58 /* SPHContentCollectionViewCell.h */ = {isa = PBXFileReference; fileEncoding = 4; lastKnownFileType = sourcecode.c.h; path = SPHContentCollectionViewCell.h; sourceTree = "<group>"; };
		84A1B4311A35E39F00B17A58 /* SPHContentCollectionViewCell.m */ = {isa = PBXFileReference; fileEncoding = 4; lastKnownFileType = sourcecode.c.objc; path = SPHContentCollectionViewCell.m; sourceTree = "<group>"; };
		ED45D35B1A37441F00D7914D /* SPHMathUtils.h */ = {isa = PBXFileReference; fileEncoding = 4; lastKnownFileType = sourcecode.c.h; path = SPHMathUtils.h; sourceTree = "<group>"; };
		ED45D35C1A37441F00D7914D /* SPHMathUtils.m */ = {isa = PBXFileReference; fileEncoding = 4; lastKnownFileType = sourcecode.c.objc; path = SPHMathUtils.m; sourceTree = "<group>"; };
		EDAC3A661A2C7F9E00EB6DE0 /* Shader.vsh */ = {isa = PBXFileReference; fileEncoding = 4; lastKnownFileType = sourcecode.glsl; path = Shader.vsh; sourceTree = "<group>"; };
		EDAC3A671A2C7F9E00EB6DE0 /* Shader.fsh */ = {isa = PBXFileReference; fileEncoding = 4; lastKnownFileType = sourcecode.glsl; path = Shader.fsh; sourceTree = "<group>"; };
		EDAC3A6B1A2C809500EB6DE0 /* SPHGLProgram.h */ = {isa = PBXFileReference; fileEncoding = 4; lastKnownFileType = sourcecode.c.h; path = SPHGLProgram.h; sourceTree = "<group>"; };
		EDAC3A6C1A2C809500EB6DE0 /* SPHGLProgram.m */ = {isa = PBXFileReference; fileEncoding = 4; lastKnownFileType = sourcecode.c.objc; path = SPHGLProgram.m; sourceTree = "<group>"; };
		EDAC3A731A2C861900EB6DE0 /* 3D.mp4 */ = {isa = PBXFileReference; lastKnownFileType = file; path = 3D.mp4; sourceTree = "<group>"; };
		EDAC3A741A2C8B1200EB6DE0 /* Sphere.h */ = {isa = PBXFileReference; lastKnownFileType = sourcecode.c.h; path = Sphere.h; sourceTree = "<group>"; };
		EDAC3A761A2C94F800EB6DE0 /* SPHAnimationProvider.h */ = {isa = PBXFileReference; fileEncoding = 4; lastKnownFileType = sourcecode.c.h; path = SPHAnimationProvider.h; sourceTree = "<group>"; };
		EDAC3A771A2C94F800EB6DE0 /* SPHAnimationProvider.m */ = {isa = PBXFileReference; fileEncoding = 4; lastKnownFileType = sourcecode.c.objc; path = SPHAnimationProvider.m; sourceTree = "<group>"; };
		EDAC3A7E1A2C986F00EB6DE0 /* SPHTextureProvider.h */ = {isa = PBXFileReference; fileEncoding = 4; lastKnownFileType = sourcecode.c.h; path = SPHTextureProvider.h; sourceTree = "<group>"; };
		EDAC3A7F1A2C986F00EB6DE0 /* SPHTextureProvider.m */ = {isa = PBXFileReference; fileEncoding = 4; lastKnownFileType = sourcecode.c.objc; path = SPHTextureProvider.m; sourceTree = "<group>"; };
		EDAC3A8A1A2CA51800EB6DE0 /* Categories.h */ = {isa = PBXFileReference; lastKnownFileType = sourcecode.c.h; path = Categories.h; sourceTree = "<group>"; };
		EDAC3A8C1A2CA91300EB6DE0 /* UIImage+ImageModification.h */ = {isa = PBXFileReference; fileEncoding = 4; lastKnownFileType = sourcecode.c.h; path = "UIImage+ImageModification.h"; sourceTree = "<group>"; };
		EDAC3A8D1A2CA91300EB6DE0 /* UIImage+ImageModification.m */ = {isa = PBXFileReference; fileEncoding = 4; lastKnownFileType = sourcecode.c.objc; path = "UIImage+ImageModification.m"; sourceTree = "<group>"; };
		EDAC3A901A2CAC7700EB6DE0 /* SPHNavigationController.h */ = {isa = PBXFileReference; fileEncoding = 4; lastKnownFileType = sourcecode.c.h; path = SPHNavigationController.h; sourceTree = "<group>"; };
		EDAC3A911A2CAC7700EB6DE0 /* SPHNavigationController.m */ = {isa = PBXFileReference; fileEncoding = 4; lastKnownFileType = sourcecode.c.objc; path = SPHNavigationController.m; sourceTree = "<group>"; };
		EDAC3A931A2CAE8600EB6DE0 /* AVFoundation.framework */ = {isa = PBXFileReference; lastKnownFileType = wrapper.framework; name = AVFoundation.framework; path = System/Library/Frameworks/AVFoundation.framework; sourceTree = SDKROOT; };
		EDAC3A951A2CAE8E00EB6DE0 /* CoreAudio.framework */ = {isa = PBXFileReference; lastKnownFileType = wrapper.framework; name = CoreAudio.framework; path = System/Library/Frameworks/CoreAudio.framework; sourceTree = SDKROOT; };
		EDCFA2D51A2EF16700803941 /* CoreImage.framework */ = {isa = PBXFileReference; lastKnownFileType = wrapper.framework; name = CoreImage.framework; path = System/Library/Frameworks/CoreImage.framework; sourceTree = SDKROOT; };
		EDCFC6F11A2C671E00613D7B /* Sphere360.app */ = {isa = PBXFileReference; explicitFileType = wrapper.application; includeInIndex = 0; path = Sphere360.app; sourceTree = BUILT_PRODUCTS_DIR; };
		EDCFC6F41A2C671E00613D7B /* Foundation.framework */ = {isa = PBXFileReference; lastKnownFileType = wrapper.framework; name = Foundation.framework; path = System/Library/Frameworks/Foundation.framework; sourceTree = SDKROOT; };
		EDCFC6F61A2C671E00613D7B /* CoreGraphics.framework */ = {isa = PBXFileReference; lastKnownFileType = wrapper.framework; name = CoreGraphics.framework; path = System/Library/Frameworks/CoreGraphics.framework; sourceTree = SDKROOT; };
		EDCFC6F81A2C671E00613D7B /* UIKit.framework */ = {isa = PBXFileReference; lastKnownFileType = wrapper.framework; name = UIKit.framework; path = System/Library/Frameworks/UIKit.framework; sourceTree = SDKROOT; };
		EDCFC6FC1A2C671E00613D7B /* Sphere360-Info.plist */ = {isa = PBXFileReference; lastKnownFileType = text.plist.xml; path = "Sphere360-Info.plist"; sourceTree = "<group>"; };
		EDCFC6FE1A2C671E00613D7B /* en */ = {isa = PBXFileReference; lastKnownFileType = text.plist.strings; name = en; path = en.lproj/InfoPlist.strings; sourceTree = "<group>"; };
		EDCFC7001A2C671E00613D7B /* main.m */ = {isa = PBXFileReference; lastKnownFileType = sourcecode.c.objc; path = main.m; sourceTree = "<group>"; };
		EDCFC7021A2C671E00613D7B /* Sphere360-Prefix.pch */ = {isa = PBXFileReference; lastKnownFileType = sourcecode.c.h; path = "Sphere360-Prefix.pch"; sourceTree = "<group>"; };
		EDCFC7031A2C671E00613D7B /* SPHAppDelegate.h */ = {isa = PBXFileReference; lastKnownFileType = sourcecode.c.h; path = SPHAppDelegate.h; sourceTree = "<group>"; };
		EDCFC7041A2C671E00613D7B /* SPHAppDelegate.m */ = {isa = PBXFileReference; lastKnownFileType = sourcecode.c.objc; path = SPHAppDelegate.m; sourceTree = "<group>"; };
		EDCFC7071A2C671E00613D7B /* Base */ = {isa = PBXFileReference; lastKnownFileType = file.storyboard; name = Base; path = Base.lproj/Main.storyboard; sourceTree = "<group>"; };
		EDCFC70C1A2C671E00613D7B /* Images.xcassets */ = {isa = PBXFileReference; lastKnownFileType = folder.assetcatalog; path = Images.xcassets; sourceTree = "<group>"; };
		EDCFC7121A2C671E00613D7B /* Sphere360Tests.xctest */ = {isa = PBXFileReference; explicitFileType = wrapper.cfbundle; includeInIndex = 0; path = Sphere360Tests.xctest; sourceTree = BUILT_PRODUCTS_DIR; };
		EDCFC7131A2C671E00613D7B /* XCTest.framework */ = {isa = PBXFileReference; lastKnownFileType = wrapper.framework; name = XCTest.framework; path = Library/Frameworks/XCTest.framework; sourceTree = DEVELOPER_DIR; };
		EDCFC71B1A2C671F00613D7B /* Sphere360Tests-Info.plist */ = {isa = PBXFileReference; lastKnownFileType = text.plist.xml; path = "Sphere360Tests-Info.plist"; sourceTree = "<group>"; };
		EDCFC71D1A2C671F00613D7B /* en */ = {isa = PBXFileReference; lastKnownFileType = text.plist.strings; name = en; path = en.lproj/InfoPlist.strings; sourceTree = "<group>"; };
		EDCFC71F1A2C671F00613D7B /* Sphere360Tests.m */ = {isa = PBXFileReference; lastKnownFileType = sourcecode.c.objc; path = Sphere360Tests.m; sourceTree = "<group>"; };
		EDCFC7291A2C673100613D7B /* GLKit.framework */ = {isa = PBXFileReference; lastKnownFileType = wrapper.framework; name = GLKit.framework; path = System/Library/Frameworks/GLKit.framework; sourceTree = SDKROOT; };
		EDCFC72E1A2C67F100613D7B /* SPHMainViewController.h */ = {isa = PBXFileReference; fileEncoding = 4; lastKnownFileType = sourcecode.c.h; path = SPHMainViewController.h; sourceTree = "<group>"; };
		EDCFC72F1A2C67F100613D7B /* SPHMainViewController.m */ = {isa = PBXFileReference; fileEncoding = 4; lastKnownFileType = sourcecode.c.objc; path = SPHMainViewController.m; sourceTree = "<group>"; };
		EDCFC7421A2C6A2B00613D7B /* GIR000009.jpeg */ = {isa = PBXFileReference; lastKnownFileType = image.jpeg; path = GIR000009.jpeg; sourceTree = "<group>"; };
		EDCFEE041A31DBD5003ADA91 /* SPHVideoPlayer.h */ = {isa = PBXFileReference; fileEncoding = 4; lastKnownFileType = sourcecode.c.h; path = SPHVideoPlayer.h; sourceTree = "<group>"; };
		EDCFEE051A31DBD5003ADA91 /* SPHVideoPlayer.m */ = {isa = PBXFileReference; fileEncoding = 4; lastKnownFileType = sourcecode.c.objc; path = SPHVideoPlayer.m; sourceTree = "<group>"; };
		EDCFEE171A31E1FC003ADA91 /* SPHBaseViewController.h */ = {isa = PBXFileReference; fileEncoding = 4; lastKnownFileType = sourcecode.c.h; path = SPHBaseViewController.h; sourceTree = "<group>"; };
		EDCFEE181A31E1FC003ADA91 /* SPHBaseViewController.m */ = {isa = PBXFileReference; fileEncoding = 4; lastKnownFileType = sourcecode.c.objc; path = SPHBaseViewController.m; sourceTree = "<group>"; };
		EDCFEE1A1A31E52D003ADA91 /* SPHPhotoViewController.h */ = {isa = PBXFileReference; fileEncoding = 4; lastKnownFileType = sourcecode.c.h; path = SPHPhotoViewController.h; sourceTree = "<group>"; };
		EDCFEE1B1A31E52D003ADA91 /* SPHPhotoViewController.m */ = {isa = PBXFileReference; fileEncoding = 4; lastKnownFileType = sourcecode.c.objc; path = SPHPhotoViewController.m; sourceTree = "<group>"; };
		EDCFEE1F1A31EB5B003ADA91 /* SPHVideoViewController.h */ = {isa = PBXFileReference; fileEncoding = 4; lastKnownFileType = sourcecode.c.h; path = SPHVideoViewController.h; sourceTree = "<group>"; };
		EDCFEE201A31EB5B003ADA91 /* SPHVideoViewController.m */ = {isa = PBXFileReference; fileEncoding = 4; lastKnownFileType = sourcecode.c.objc; path = SPHVideoViewController.m; sourceTree = "<group>"; };
		EDCFEE221A31F50D003ADA91 /* CoreMotion.framework */ = {isa = PBXFileReference; lastKnownFileType = wrapper.framework; name = CoreMotion.framework; path = System/Library/Frameworks/CoreMotion.framework; sourceTree = SDKROOT; };
		EDEFC8C41A2DAD7100E01E11 /* CoreMedia.framework */ = {isa = PBXFileReference; lastKnownFileType = wrapper.framework; name = CoreMedia.framework; path = System/Library/Frameworks/CoreMedia.framework; sourceTree = SDKROOT; };
		EDFAC6D31A2C6C4B0059BBD0 /* Constants.h */ = {isa = PBXFileReference; lastKnownFileType = sourcecode.c.h; path = Constants.h; sourceTree = "<group>"; };
		EDFAC6D81A2C74290059BBD0 /* OpenGLES.framework */ = {isa = PBXFileReference; lastKnownFileType = wrapper.framework; name = OpenGLES.framework; path = System/Library/Frameworks/OpenGLES.framework; sourceTree = SDKROOT; };
/* End PBXFileReference section */

/* Begin PBXFrameworksBuildPhase section */
		EDCFC6EE1A2C671E00613D7B /* Frameworks */ = {
			isa = PBXFrameworksBuildPhase;
			buildActionMask = 2147483647;
			files = (
				EDCFEE231A31F50D003ADA91 /* CoreMotion.framework in Frameworks */,
				EDCFA2D61A2EF16800803941 /* CoreImage.framework in Frameworks */,
				EDEFC8C51A2DAD7100E01E11 /* CoreMedia.framework in Frameworks */,
				EDAC3A961A2CAE8E00EB6DE0 /* CoreAudio.framework in Frameworks */,
				EDAC3A941A2CAE8600EB6DE0 /* AVFoundation.framework in Frameworks */,
				EDFAC6D91A2C74290059BBD0 /* OpenGLES.framework in Frameworks */,
				EDCFC72A1A2C673100613D7B /* GLKit.framework in Frameworks */,
				EDCFC6F71A2C671E00613D7B /* CoreGraphics.framework in Frameworks */,
				EDCFC6F91A2C671E00613D7B /* UIKit.framework in Frameworks */,
				EDCFC6F51A2C671E00613D7B /* Foundation.framework in Frameworks */,
			);
			runOnlyForDeploymentPostprocessing = 0;
		};
		EDCFC70F1A2C671E00613D7B /* Frameworks */ = {
			isa = PBXFrameworksBuildPhase;
			buildActionMask = 2147483647;
			files = (
				EDCFC7141A2C671E00613D7B /* XCTest.framework in Frameworks */,
				EDCFC7161A2C671E00613D7B /* UIKit.framework in Frameworks */,
				EDCFC7151A2C671E00613D7B /* Foundation.framework in Frameworks */,
			);
			runOnlyForDeploymentPostprocessing = 0;
		};
/* End PBXFrameworksBuildPhase section */

/* Begin PBXGroup section */
		84A1B4221A35D68E00B17A58 /* Assets */ = {
			isa = PBXGroup;
			children = (
				84A1B4231A35D69600B17A58 /* LiveIcon.png */,
				84A1B4241A35D69600B17A58 /* PhotoIcon.png */,
				84A1B4251A35D69600B17A58 /* VideoIcon.png */,
			);
			path = Assets;
			sourceTree = "<group>";
		};
		84A1B42B1A35E35F00B17A58 /* ContentListViewController */ = {
			isa = PBXGroup;
			children = (
				84A1B42C1A35E35F00B17A58 /* ContentCell */,
				84A1B42D1A35E38600B17A58 /* SPHContentListViewController.h */,
				84A1B42E1A35E38600B17A58 /* SPHContentListViewController.m */,
			);
			path = ContentListViewController;
			sourceTree = "<group>";
		};
		84A1B42C1A35E35F00B17A58 /* ContentCell */ = {
			isa = PBXGroup;
			children = (
				84A1B4301A35E39F00B17A58 /* SPHContentCollectionViewCell.h */,
				84A1B4311A35E39F00B17A58 /* SPHContentCollectionViewCell.m */,
			);
			path = ContentCell;
			sourceTree = "<group>";
		};
		ED45D35A1A37440400D7914D /* MathUtils */ = {
			isa = PBXGroup;
			children = (
				ED45D35B1A37441F00D7914D /* SPHMathUtils.h */,
				ED45D35C1A37441F00D7914D /* SPHMathUtils.m */,
			);
			path = MathUtils;
			sourceTree = "<group>";
		};
		EDAC3A641A2C7A2F00EB6DE0 /* OpenGL */ = {
			isa = PBXGroup;
			children = (
				ED45D35A1A37440400D7914D /* MathUtils */,
				EDAC3A7D1A2C986300EB6DE0 /* TextureProvider */,
				EDAC3A6A1A2C808B00EB6DE0 /* Program */,
				EDAC3A651A2C7A3C00EB6DE0 /* Shaders */,
			);
			path = OpenGL;
			sourceTree = "<group>";
		};
		EDAC3A651A2C7A3C00EB6DE0 /* Shaders */ = {
			isa = PBXGroup;
			children = (
				EDAC3A661A2C7F9E00EB6DE0 /* Shader.vsh */,
				EDAC3A671A2C7F9E00EB6DE0 /* Shader.fsh */,
			);
			path = Shaders;
			sourceTree = "<group>";
		};
		EDAC3A6A1A2C808B00EB6DE0 /* Program */ = {
			isa = PBXGroup;
			children = (
				EDAC3A6B1A2C809500EB6DE0 /* SPHGLProgram.h */,
				EDAC3A6C1A2C809500EB6DE0 /* SPHGLProgram.m */,
			);
			path = Program;
			sourceTree = "<group>";
		};
		EDAC3A6E1A2C820500EB6DE0 /* Categories */ = {
			isa = PBXGroup;
			children = (
				EDAC3A8B1A2CA90A00EB6DE0 /* UIImage+ImageModification */,
				EDAC3A8A1A2CA51800EB6DE0 /* Categories.h */,
			);
			path = Categories;
			sourceTree = "<group>";
		};
		EDAC3A751A2C94D600EB6DE0 /* Animation */ = {
			isa = PBXGroup;
			children = (
				EDAC3A761A2C94F800EB6DE0 /* SPHAnimationProvider.h */,
				EDAC3A771A2C94F800EB6DE0 /* SPHAnimationProvider.m */,
			);
			path = Animation;
			sourceTree = "<group>";
		};
		EDAC3A7D1A2C986300EB6DE0 /* TextureProvider */ = {
			isa = PBXGroup;
			children = (
				EDAC3A7E1A2C986F00EB6DE0 /* SPHTextureProvider.h */,
				EDAC3A7F1A2C986F00EB6DE0 /* SPHTextureProvider.m */,
			);
			path = TextureProvider;
			sourceTree = "<group>";
		};
		EDAC3A8B1A2CA90A00EB6DE0 /* UIImage+ImageModification */ = {
			isa = PBXGroup;
			children = (
				EDAC3A8C1A2CA91300EB6DE0 /* UIImage+ImageModification.h */,
				EDAC3A8D1A2CA91300EB6DE0 /* UIImage+ImageModification.m */,
			);
			path = "UIImage+ImageModification";
			sourceTree = "<group>";
		};
		EDAC3A8F1A2CAC5200EB6DE0 /* NavigationController */ = {
			isa = PBXGroup;
			children = (
				EDAC3A901A2CAC7700EB6DE0 /* SPHNavigationController.h */,
				EDAC3A911A2CAC7700EB6DE0 /* SPHNavigationController.m */,
			);
			path = NavigationController;
			sourceTree = "<group>";
		};
		EDCFC6E81A2C671E00613D7B = {
			isa = PBXGroup;
			children = (
				EDCFC6FA1A2C671E00613D7B /* Sphere360 */,
				EDCFC7191A2C671F00613D7B /* Sphere360Tests */,
				EDCFC6F31A2C671E00613D7B /* Frameworks */,
				EDCFC6F21A2C671E00613D7B /* Products */,
			);
			sourceTree = "<group>";
		};
		EDCFC6F21A2C671E00613D7B /* Products */ = {
			isa = PBXGroup;
			children = (
				EDCFC6F11A2C671E00613D7B /* Sphere360.app */,
				EDCFC7121A2C671E00613D7B /* Sphere360Tests.xctest */,
			);
			name = Products;
			sourceTree = "<group>";
		};
		EDCFC6F31A2C671E00613D7B /* Frameworks */ = {
			isa = PBXGroup;
			children = (
				EDCFEE221A31F50D003ADA91 /* CoreMotion.framework */,
				EDCFA2D51A2EF16700803941 /* CoreImage.framework */,
				EDEFC8C41A2DAD7100E01E11 /* CoreMedia.framework */,
				EDAC3A951A2CAE8E00EB6DE0 /* CoreAudio.framework */,
				EDAC3A931A2CAE8600EB6DE0 /* AVFoundation.framework */,
				EDFAC6D81A2C74290059BBD0 /* OpenGLES.framework */,
				EDCFC7291A2C673100613D7B /* GLKit.framework */,
				EDCFC6F41A2C671E00613D7B /* Foundation.framework */,
				EDCFC6F61A2C671E00613D7B /* CoreGraphics.framework */,
				EDCFC6F81A2C671E00613D7B /* UIKit.framework */,
				EDCFC7131A2C671E00613D7B /* XCTest.framework */,
			);
			name = Frameworks;
			sourceTree = "<group>";
		};
		EDCFC6FA1A2C671E00613D7B /* Sphere360 */ = {
			isa = PBXGroup;
			children = (
				EDCFC73D1A2C699B00613D7B /* Resourses */,
				EDCFC72B1A2C674E00613D7B /* Classses */,
				EDCFC7031A2C671E00613D7B /* SPHAppDelegate.h */,
				EDCFC7041A2C671E00613D7B /* SPHAppDelegate.m */,
				EDCFC7061A2C671E00613D7B /* Main.storyboard */,
				EDCFC70C1A2C671E00613D7B /* Images.xcassets */,
				EDCFC6FB1A2C671E00613D7B /* Supporting Files */,
			);
			path = Sphere360;
			sourceTree = "<group>";
		};
		EDCFC6FB1A2C671E00613D7B /* Supporting Files */ = {
			isa = PBXGroup;
			children = (
				EDFAC6D21A2C6C3D0059BBD0 /* Constants */,
				EDCFC6FC1A2C671E00613D7B /* Sphere360-Info.plist */,
				EDCFC6FD1A2C671E00613D7B /* InfoPlist.strings */,
				EDCFC7001A2C671E00613D7B /* main.m */,
				EDCFC7021A2C671E00613D7B /* Sphere360-Prefix.pch */,
			);
			name = "Supporting Files";
			sourceTree = "<group>";
		};
		EDCFC7191A2C671F00613D7B /* Sphere360Tests */ = {
			isa = PBXGroup;
			children = (
				EDCFC71F1A2C671F00613D7B /* Sphere360Tests.m */,
				EDCFC71A1A2C671F00613D7B /* Supporting Files */,
			);
			path = Sphere360Tests;
			sourceTree = "<group>";
		};
		EDCFC71A1A2C671F00613D7B /* Supporting Files */ = {
			isa = PBXGroup;
			children = (
				EDCFC71B1A2C671F00613D7B /* Sphere360Tests-Info.plist */,
				EDCFC71C1A2C671F00613D7B /* InfoPlist.strings */,
			);
			name = "Supporting Files";
			sourceTree = "<group>";
		};
		EDCFC72B1A2C674E00613D7B /* Classses */ = {
			isa = PBXGroup;
			children = (
				EDCFEE021A31DBD5003ADA91 /* Others */,
				EDAC3A751A2C94D600EB6DE0 /* Animation */,
				EDAC3A6E1A2C820500EB6DE0 /* Categories */,
				EDAC3A641A2C7A2F00EB6DE0 /* OpenGL */,
				EDCFC72C1A2C675800613D7B /* ViewControllers */,
			);
			path = Classses;
			sourceTree = "<group>";
		};
		EDCFC72C1A2C675800613D7B /* ViewControllers */ = {
			isa = PBXGroup;
			children = (
				84A1B42B1A35E35F00B17A58 /* ContentListViewController */,
				EDCFEE1E1A31EB4B003ADA91 /* VideoViewController */,
				EDCFEE131A31E0B7003ADA91 /* BaseViewController */,
				EDCFEE0B1A31DDCA003ADA91 /* PhotoPreviewViewController */,
				EDAC3A8F1A2CAC5200EB6DE0 /* NavigationController */,
				EDCFC72D1A2C676500613D7B /* MainViewController */,
			);
			path = ViewControllers;
			sourceTree = "<group>";
		};
		EDCFC72D1A2C676500613D7B /* MainViewController */ = {
			isa = PBXGroup;
			children = (
				EDCFC72E1A2C67F100613D7B /* SPHMainViewController.h */,
				EDCFC72F1A2C67F100613D7B /* SPHMainViewController.m */,
			);
			path = MainViewController;
			sourceTree = "<group>";
		};
		EDCFC73D1A2C699B00613D7B /* Resourses */ = {
			isa = PBXGroup;
			children = (
				84A1B4221A35D68E00B17A58 /* Assets */,
				EDCFC73F1A2C69C000613D7B /* TestResourses */,
				EDCFC73E1A2C69A500613D7B /* Model */,
			);
			path = Resourses;
			sourceTree = "<group>";
		};
		EDCFC73E1A2C69A500613D7B /* Model */ = {
			isa = PBXGroup;
			children = (
				EDAC3A741A2C8B1200EB6DE0 /* Sphere.h */,
			);
			path = Model;
			sourceTree = "<group>";
		};
		EDCFC73F1A2C69C000613D7B /* TestResourses */ = {
			isa = PBXGroup;
			children = (
				EDCFC7421A2C6A2B00613D7B /* GIR000009.jpeg */,
				EDAC3A731A2C861900EB6DE0 /* 3D.mp4 */,
			);
			path = TestResourses;
			sourceTree = "<group>";
		};
		EDCFEE021A31DBD5003ADA91 /* Others */ = {
			isa = PBXGroup;
			children = (
				EDCFEE031A31DBD5003ADA91 /* VideoPlayer */,
			);
			path = Others;
			sourceTree = "<group>";
		};
		EDCFEE031A31DBD5003ADA91 /* VideoPlayer */ = {
			isa = PBXGroup;
			children = (
				EDCFEE041A31DBD5003ADA91 /* SPHVideoPlayer.h */,
				EDCFEE051A31DBD5003ADA91 /* SPHVideoPlayer.m */,
			);
			path = VideoPlayer;
			sourceTree = "<group>";
		};
		EDCFEE0B1A31DDCA003ADA91 /* PhotoPreviewViewController */ = {
			isa = PBXGroup;
			children = (
				EDCFEE1A1A31E52D003ADA91 /* SPHPhotoViewController.h */,
				EDCFEE1B1A31E52D003ADA91 /* SPHPhotoViewController.m */,
			);
			path = PhotoPreviewViewController;
			sourceTree = "<group>";
		};
		EDCFEE131A31E0B7003ADA91 /* BaseViewController */ = {
			isa = PBXGroup;
			children = (
				EDCFEE171A31E1FC003ADA91 /* SPHBaseViewController.h */,
				EDCFEE181A31E1FC003ADA91 /* SPHBaseViewController.m */,
			);
			path = BaseViewController;
			sourceTree = "<group>";
		};
		EDCFEE1E1A31EB4B003ADA91 /* VideoViewController */ = {
			isa = PBXGroup;
			children = (
				EDCFEE1F1A31EB5B003ADA91 /* SPHVideoViewController.h */,
				EDCFEE201A31EB5B003ADA91 /* SPHVideoViewController.m */,
			);
			path = VideoViewController;
			sourceTree = "<group>";
		};
		EDFAC6D21A2C6C3D0059BBD0 /* Constants */ = {
			isa = PBXGroup;
			children = (
				EDFAC6D31A2C6C4B0059BBD0 /* Constants.h */,
			);
			path = Constants;
			sourceTree = "<group>";
		};
/* End PBXGroup section */

/* Begin PBXNativeTarget section */
		EDCFC6F01A2C671E00613D7B /* Sphere360 */ = {
			isa = PBXNativeTarget;
			buildConfigurationList = EDCFC7231A2C671F00613D7B /* Build configuration list for PBXNativeTarget "Sphere360" */;
			buildPhases = (
				EDCFC6ED1A2C671E00613D7B /* Sources */,
				EDCFC6EE1A2C671E00613D7B /* Frameworks */,
				EDCFC6EF1A2C671E00613D7B /* Resources */,
			);
			buildRules = (
			);
			dependencies = (
			);
			name = Sphere360;
			productName = Sphere360;
			productReference = EDCFC6F11A2C671E00613D7B /* Sphere360.app */;
			productType = "com.apple.product-type.application";
		};
		EDCFC7111A2C671E00613D7B /* Sphere360Tests */ = {
			isa = PBXNativeTarget;
			buildConfigurationList = EDCFC7261A2C671F00613D7B /* Build configuration list for PBXNativeTarget "Sphere360Tests" */;
			buildPhases = (
				EDCFC70E1A2C671E00613D7B /* Sources */,
				EDCFC70F1A2C671E00613D7B /* Frameworks */,
				EDCFC7101A2C671E00613D7B /* Resources */,
			);
			buildRules = (
			);
			dependencies = (
				EDCFC7181A2C671F00613D7B /* PBXTargetDependency */,
			);
			name = Sphere360Tests;
			productName = Sphere360Tests;
			productReference = EDCFC7121A2C671E00613D7B /* Sphere360Tests.xctest */;
			productType = "com.apple.product-type.bundle.unit-test";
		};
/* End PBXNativeTarget section */

/* Begin PBXProject section */
		EDCFC6E91A2C671E00613D7B /* Project object */ = {
			isa = PBXProject;
			attributes = {
				CLASSPREFIX = SPH;
				LastUpgradeCheck = 0510;
				ORGANIZATIONNAME = "Kirill Gorbushko";
				TargetAttributes = {
					EDCFC7111A2C671E00613D7B = {
						TestTargetID = EDCFC6F01A2C671E00613D7B;
					};
				};
			};
			buildConfigurationList = EDCFC6EC1A2C671E00613D7B /* Build configuration list for PBXProject "Sphere360" */;
			compatibilityVersion = "Xcode 3.2";
			developmentRegion = English;
			hasScannedForEncodings = 0;
			knownRegions = (
				en,
				Base,
			);
			mainGroup = EDCFC6E81A2C671E00613D7B;
			productRefGroup = EDCFC6F21A2C671E00613D7B /* Products */;
			projectDirPath = "";
			projectRoot = "";
			targets = (
				EDCFC6F01A2C671E00613D7B /* Sphere360 */,
				EDCFC7111A2C671E00613D7B /* Sphere360Tests */,
			);
		};
/* End PBXProject section */

/* Begin PBXResourcesBuildPhase section */
		EDCFC6EF1A2C671E00613D7B /* Resources */ = {
			isa = PBXResourcesBuildPhase;
			buildActionMask = 2147483647;
			files = (
				84A1B4261A35D69600B17A58 /* LiveIcon.png in Resources */,
				EDAC3A971A2CBA3100EB6DE0 /* 3D.mp4 in Resources */,
				84A1B4281A35D69600B17A58 /* VideoIcon.png in Resources */,
				EDAC3A691A2C7F9E00EB6DE0 /* Shader.fsh in Resources */,
				84A1B4271A35D69600B17A58 /* PhotoIcon.png in Resources */,
				EDCFC70D1A2C671E00613D7B /* Images.xcassets in Resources */,
				EDCFC7431A2C6A2B00613D7B /* GIR000009.jpeg in Resources */,
				EDCFC6FF1A2C671E00613D7B /* InfoPlist.strings in Resources */,
				EDCFC7081A2C671E00613D7B /* Main.storyboard in Resources */,
				EDAC3A681A2C7F9E00EB6DE0 /* Shader.vsh in Resources */,
			);
			runOnlyForDeploymentPostprocessing = 0;
		};
		EDCFC7101A2C671E00613D7B /* Resources */ = {
			isa = PBXResourcesBuildPhase;
			buildActionMask = 2147483647;
			files = (
				EDCFC71E1A2C671F00613D7B /* InfoPlist.strings in Resources */,
			);
			runOnlyForDeploymentPostprocessing = 0;
		};
/* End PBXResourcesBuildPhase section */

/* Begin PBXSourcesBuildPhase section */
		EDCFC6ED1A2C671E00613D7B /* Sources */ = {
			isa = PBXSourcesBuildPhase;
			buildActionMask = 2147483647;
			files = (
				EDAC3A6D1A2C809500EB6DE0 /* SPHGLProgram.m in Sources */,
				EDCFC7051A2C671E00613D7B /* SPHAppDelegate.m in Sources */,
				84A1B4321A35E39F00B17A58 /* SPHContentCollectionViewCell.m in Sources */,
				EDCFC7301A2C67F100613D7B /* SPHMainViewController.m in Sources */,
				EDAC3A921A2CAC7700EB6DE0 /* SPHNavigationController.m in Sources */,
				ED45D35D1A37441F00D7914D /* SPHMathUtils.m in Sources */,
				EDAC3A801A2C986F00EB6DE0 /* SPHTextureProvider.m in Sources */,
				EDCFC7011A2C671E00613D7B /* main.m in Sources */,
				EDCFEE1C1A31E52D003ADA91 /* SPHPhotoViewController.m in Sources */,
				EDAC3A781A2C94F800EB6DE0 /* SPHAnimationProvider.m in Sources */,
				EDCFEE211A31EB5B003ADA91 /* SPHVideoViewController.m in Sources */,
				EDCFEE191A31E1FC003ADA91 /* SPHBaseViewController.m in Sources */,
				EDCFEE061A31DBD5003ADA91 /* SPHVideoPlayer.m in Sources */,
				84A1B42F1A35E38600B17A58 /* SPHContentListViewController.m in Sources */,
				EDAC3A8E1A2CA91300EB6DE0 /* UIImage+ImageModification.m in Sources */,
			);
			runOnlyForDeploymentPostprocessing = 0;
		};
		EDCFC70E1A2C671E00613D7B /* Sources */ = {
			isa = PBXSourcesBuildPhase;
			buildActionMask = 2147483647;
			files = (
				EDCFC7201A2C671F00613D7B /* Sphere360Tests.m in Sources */,
			);
			runOnlyForDeploymentPostprocessing = 0;
		};
/* End PBXSourcesBuildPhase section */

/* Begin PBXTargetDependency section */
		EDCFC7181A2C671F00613D7B /* PBXTargetDependency */ = {
			isa = PBXTargetDependency;
			target = EDCFC6F01A2C671E00613D7B /* Sphere360 */;
			targetProxy = EDCFC7171A2C671F00613D7B /* PBXContainerItemProxy */;
		};
/* End PBXTargetDependency section */

/* Begin PBXVariantGroup section */
		EDCFC6FD1A2C671E00613D7B /* InfoPlist.strings */ = {
			isa = PBXVariantGroup;
			children = (
				EDCFC6FE1A2C671E00613D7B /* en */,
			);
			name = InfoPlist.strings;
			sourceTree = "<group>";
		};
		EDCFC7061A2C671E00613D7B /* Main.storyboard */ = {
			isa = PBXVariantGroup;
			children = (
				EDCFC7071A2C671E00613D7B /* Base */,
			);
			name = Main.storyboard;
			sourceTree = "<group>";
		};
		EDCFC71C1A2C671F00613D7B /* InfoPlist.strings */ = {
			isa = PBXVariantGroup;
			children = (
				EDCFC71D1A2C671F00613D7B /* en */,
			);
			name = InfoPlist.strings;
			sourceTree = "<group>";
		};
/* End PBXVariantGroup section */

/* Begin XCBuildConfiguration section */
		EDCFC7211A2C671F00613D7B /* Debug */ = {
			isa = XCBuildConfiguration;
			buildSettings = {
				ALWAYS_SEARCH_USER_PATHS = NO;
				CLANG_CXX_LANGUAGE_STANDARD = "gnu++0x";
				CLANG_CXX_LIBRARY = "libc++";
				CLANG_ENABLE_MODULES = YES;
				CLANG_ENABLE_OBJC_ARC = YES;
				CLANG_WARN_BOOL_CONVERSION = YES;
				CLANG_WARN_CONSTANT_CONVERSION = YES;
				CLANG_WARN_DIRECT_OBJC_ISA_USAGE = YES_ERROR;
				CLANG_WARN_EMPTY_BODY = YES;
				CLANG_WARN_ENUM_CONVERSION = YES;
				CLANG_WARN_INT_CONVERSION = YES;
				CLANG_WARN_OBJC_ROOT_CLASS = YES_ERROR;
				CLANG_WARN__DUPLICATE_METHOD_MATCH = YES;
				"CODE_SIGN_IDENTITY[sdk=iphoneos*]" = "iPhone Developer";
				COPY_PHASE_STRIP = NO;
				GCC_C_LANGUAGE_STANDARD = gnu99;
				GCC_DYNAMIC_NO_PIC = NO;
				GCC_OPTIMIZATION_LEVEL = 0;
				GCC_PREPROCESSOR_DEFINITIONS = (
					"DEBUG=1",
					"$(inherited)",
				);
				GCC_SYMBOLS_PRIVATE_EXTERN = NO;
				GCC_WARN_64_TO_32_BIT_CONVERSION = YES;
				GCC_WARN_ABOUT_RETURN_TYPE = YES_ERROR;
				GCC_WARN_UNDECLARED_SELECTOR = YES;
				GCC_WARN_UNINITIALIZED_AUTOS = YES_AGGRESSIVE;
				GCC_WARN_UNUSED_FUNCTION = YES;
				GCC_WARN_UNUSED_VARIABLE = YES;
				IPHONEOS_DEPLOYMENT_TARGET = 7.1;
				ONLY_ACTIVE_ARCH = YES;
				SDKROOT = iphoneos;
			};
			name = Debug;
		};
		EDCFC7221A2C671F00613D7B /* Release */ = {
			isa = XCBuildConfiguration;
			buildSettings = {
				ALWAYS_SEARCH_USER_PATHS = NO;
				CLANG_CXX_LANGUAGE_STANDARD = "gnu++0x";
				CLANG_CXX_LIBRARY = "libc++";
				CLANG_ENABLE_MODULES = YES;
				CLANG_ENABLE_OBJC_ARC = YES;
				CLANG_WARN_BOOL_CONVERSION = YES;
				CLANG_WARN_CONSTANT_CONVERSION = YES;
				CLANG_WARN_DIRECT_OBJC_ISA_USAGE = YES_ERROR;
				CLANG_WARN_EMPTY_BODY = YES;
				CLANG_WARN_ENUM_CONVERSION = YES;
				CLANG_WARN_INT_CONVERSION = YES;
				CLANG_WARN_OBJC_ROOT_CLASS = YES_ERROR;
				CLANG_WARN__DUPLICATE_METHOD_MATCH = YES;
				"CODE_SIGN_IDENTITY[sdk=iphoneos*]" = "iPhone Developer";
				COPY_PHASE_STRIP = YES;
				ENABLE_NS_ASSERTIONS = NO;
				GCC_C_LANGUAGE_STANDARD = gnu99;
				GCC_WARN_64_TO_32_BIT_CONVERSION = YES;
				GCC_WARN_ABOUT_RETURN_TYPE = YES_ERROR;
				GCC_WARN_UNDECLARED_SELECTOR = YES;
				GCC_WARN_UNINITIALIZED_AUTOS = YES_AGGRESSIVE;
				GCC_WARN_UNUSED_FUNCTION = YES;
				GCC_WARN_UNUSED_VARIABLE = YES;
				IPHONEOS_DEPLOYMENT_TARGET = 7.1;
				SDKROOT = iphoneos;
				VALIDATE_PRODUCT = YES;
			};
			name = Release;
		};
		EDCFC7241A2C671F00613D7B /* Debug */ = {
			isa = XCBuildConfiguration;
			buildSettings = {
				ASSETCATALOG_COMPILER_APPICON_NAME = AppIcon;
				ASSETCATALOG_COMPILER_LAUNCHIMAGE_NAME = LaunchImage;
				CODE_SIGN_IDENTITY = "iPhone Developer";
				"CODE_SIGN_IDENTITY[sdk=iphoneos*]" = "iPhone Developer";
				GCC_PRECOMPILE_PREFIX_HEADER = YES;
				GCC_PREFIX_HEADER = "Sphere360/Sphere360-Prefix.pch";
				INFOPLIST_FILE = "Sphere360/Sphere360-Info.plist";
				PRODUCT_NAME = "$(TARGET_NAME)";
				PROVISIONING_PROFILE = "f0d3cbeb-09ad-4e89-b9f9-7bb56b90b537";
				WRAPPER_EXTENSION = app;
			};
			name = Debug;
		};
		EDCFC7251A2C671F00613D7B /* Release */ = {
			isa = XCBuildConfiguration;
			buildSettings = {
				ASSETCATALOG_COMPILER_APPICON_NAME = AppIcon;
				ASSETCATALOG_COMPILER_LAUNCHIMAGE_NAME = LaunchImage;
				CODE_SIGN_IDENTITY = "iPhone Developer";
				"CODE_SIGN_IDENTITY[sdk=iphoneos*]" = "";
				GCC_PRECOMPILE_PREFIX_HEADER = YES;
				GCC_PREFIX_HEADER = "Sphere360/Sphere360-Prefix.pch";
				INFOPLIST_FILE = "Sphere360/Sphere360-Info.plist";
				PRODUCT_NAME = "$(TARGET_NAME)";
				PROVISIONING_PROFILE = "f0d3cbeb-09ad-4e89-b9f9-7bb56b90b537";
				WRAPPER_EXTENSION = app;
			};
			name = Release;
		};
		EDCFC7271A2C671F00613D7B /* Debug */ = {
			isa = XCBuildConfiguration;
			buildSettings = {
				BUNDLE_LOADER = "$(BUILT_PRODUCTS_DIR)/Sphere360.app/Sphere360";
				FRAMEWORK_SEARCH_PATHS = (
					"$(SDKROOT)/Developer/Library/Frameworks",
					"$(inherited)",
					"$(DEVELOPER_FRAMEWORKS_DIR)",
				);
				GCC_PRECOMPILE_PREFIX_HEADER = YES;
				GCC_PREFIX_HEADER = "Sphere360/Sphere360-Prefix.pch";
				GCC_PREPROCESSOR_DEFINITIONS = (
					"DEBUG=1",
					"$(inherited)",
				);
				INFOPLIST_FILE = "Sphere360Tests/Sphere360Tests-Info.plist";
				PRODUCT_NAME = "$(TARGET_NAME)";
				TEST_HOST = "$(BUNDLE_LOADER)";
				WRAPPER_EXTENSION = xctest;
			};
			name = Debug;
		};
		EDCFC7281A2C671F00613D7B /* Release */ = {
			isa = XCBuildConfiguration;
			buildSettings = {
				BUNDLE_LOADER = "$(BUILT_PRODUCTS_DIR)/Sphere360.app/Sphere360";
				FRAMEWORK_SEARCH_PATHS = (
					"$(SDKROOT)/Developer/Library/Frameworks",
					"$(inherited)",
					"$(DEVELOPER_FRAMEWORKS_DIR)",
				);
				GCC_PRECOMPILE_PREFIX_HEADER = YES;
				GCC_PREFIX_HEADER = "Sphere360/Sphere360-Prefix.pch";
				INFOPLIST_FILE = "Sphere360Tests/Sphere360Tests-Info.plist";
				PRODUCT_NAME = "$(TARGET_NAME)";
				TEST_HOST = "$(BUNDLE_LOADER)";
				WRAPPER_EXTENSION = xctest;
			};
			name = Release;
		};
/* End XCBuildConfiguration section */

/* Begin XCConfigurationList section */
		EDCFC6EC1A2C671E00613D7B /* Build configuration list for PBXProject "Sphere360" */ = {
			isa = XCConfigurationList;
			buildConfigurations = (
				EDCFC7211A2C671F00613D7B /* Debug */,
				EDCFC7221A2C671F00613D7B /* Release */,
			);
			defaultConfigurationIsVisible = 0;
			defaultConfigurationName = Release;
		};
		EDCFC7231A2C671F00613D7B /* Build configuration list for PBXNativeTarget "Sphere360" */ = {
			isa = XCConfigurationList;
			buildConfigurations = (
				EDCFC7241A2C671F00613D7B /* Debug */,
				EDCFC7251A2C671F00613D7B /* Release */,
			);
			defaultConfigurationIsVisible = 0;
			defaultConfigurationName = Release;
		};
		EDCFC7261A2C671F00613D7B /* Build configuration list for PBXNativeTarget "Sphere360Tests" */ = {
			isa = XCConfigurationList;
			buildConfigurations = (
				EDCFC7271A2C671F00613D7B /* Debug */,
				EDCFC7281A2C671F00613D7B /* Release */,
			);
			defaultConfigurationIsVisible = 0;
			defaultConfigurationName = Release;
		};
/* End XCConfigurationList section */
	};
	rootObject = EDCFC6E91A2C671E00613D7B /* Project object */;
}
